
Microsoft Visual Studio Solution File, Format Version 12.00
# Visual Studio Version 17
VisualStudioVersion = 17.5.33209.295
MinimumVisualStudioVersion = 10.0.40219.1
Project("{FAE04EC0-301F-11D3-BF4B-00C04F79EFBC}") = "CleanGenerator", "CleanGenerator\CleanGenerator.csproj", "{D4308345-D118-4171-A0C1-D26008618101}"
EndProject
Project("{FAE04EC0-301F-11D3-BF4B-00C04F79EFBC}") = "Blahem.WebApi", "Blahem.WebApi\Blahem.WebApi.csproj", "{7A23FA45-2153-46A9-931E-E7106459C8BC}"
EndProject
Project("{FAE04EC0-301F-11D3-BF4B-00C04F79EFBC}") = "Blahem.Infrastructure", "Blahem.Infrastructure\Blahem.Infrastructure.csproj", "{6DF40C85-45F6-4AF8-9958-46B9781354DC}"
EndProject
Project("{2150E333-8FDC-42A3-9474-1A3956D46DE8}") = "Solution Items", "Solution Items", "{2BA2945B-2FE1-4355-9050-CD9FF6B4D0D2}"
	ProjectSection(SolutionItems) = preProject
		.editorconfig = .editorconfig
	EndProjectSection
EndProject
Project("{FAE04EC0-301F-11D3-BF4B-00C04F79EFBC}") = "Blahem.Core", "Blahem.Core\Blahem.Core.csproj", "{E055696F-8CB7-4D2E-9D2A-5EEC323146A6}"
EndProject
Project("{FAE04EC0-301F-11D3-BF4B-00C04F79EFBC}") = "Blahem.Application", "Blahem.Application\Blahem.Application.csproj", "{7EFA50D0-AA46-4A83-A40E-9C79FDC929C9}"
EndProject
Global
	GlobalSection(SolutionConfigurationPlatforms) = preSolution
		Debug|Any CPU = Debug|Any CPU
		Release|Any CPU = Release|Any CPU
	EndGlobalSection
	GlobalSection(ProjectConfigurationPlatforms) = postSolution
		{D4308345-D118-4171-A0C1-D26008618101}.Debug|Any CPU.ActiveCfg = Debug|Any CPU
		{D4308345-D118-4171-A0C1-D26008618101}.Debug|Any CPU.Build.0 = Debug|Any CPU
		{D4308345-D118-4171-A0C1-D26008618101}.Release|Any CPU.ActiveCfg = Release|Any CPU
		{D4308345-D118-4171-A0C1-D26008618101}.Release|Any CPU.Build.0 = Release|Any CPU
		{7A23FA45-2153-46A9-931E-E7106459C8BC}.Debug|Any CPU.ActiveCfg = Debug|Any CPU
		{7A23FA45-2153-46A9-931E-E7106459C8BC}.Debug|Any CPU.Build.0 = Debug|Any CPU
		{7A23FA45-2153-46A9-931E-E7106459C8BC}.Release|Any CPU.ActiveCfg = Release|Any CPU
		{7A23FA45-2153-46A9-931E-E7106459C8BC}.Release|Any CPU.Build.0 = Release|Any CPU
		{6DF40C85-45F6-4AF8-9958-46B9781354DC}.Debug|Any CPU.ActiveCfg = Debug|Any CPU
		{6DF40C85-45F6-4AF8-9958-46B9781354DC}.Debug|Any CPU.Build.0 = Debug|Any CPU
		{6DF40C85-45F6-4AF8-9958-46B9781354DC}.Release|Any CPU.ActiveCfg = Release|Any CPU
		{6DF40C85-45F6-4AF8-9958-46B9781354DC}.Release|Any CPU.Build.0 = Release|Any CPU
		{E055696F-8CB7-4D2E-9D2A-5EEC323146A6}.Debug|Any CPU.ActiveCfg = Debug|Any CPU
		{E055696F-8CB7-4D2E-9D2A-5EEC323146A6}.Debug|Any CPU.Build.0 = Debug|Any CPU
		{E055696F-8CB7-4D2E-9D2A-5EEC323146A6}.Release|Any CPU.ActiveCfg = Release|Any CPU
		{E055696F-8CB7-4D2E-9D2A-5EEC323146A6}.Release|Any CPU.Build.0 = Release|Any CPU
		{7EFA50D0-AA46-4A83-A40E-9C79FDC929C9}.Debug|Any CPU.ActiveCfg = Debug|Any CPU
		{7EFA50D0-AA46-4A83-A40E-9C79FDC929C9}.Debug|Any CPU.Build.0 = Debug|Any CPU
		{7EFA50D0-AA46-4A83-A40E-9C79FDC929C9}.Release|Any CPU.ActiveCfg = Release|Any CPU
		{7EFA50D0-AA46-4A83-A40E-9C79FDC929C9}.Release|Any CPU.Build.0 = Release|Any CPU
	EndGlobalSection
	GlobalSection(SolutionProperties) = preSolution
		HideSolutionNode = FALSE
	EndGlobalSection
	GlobalSection(ExtensibilityGlobals) = postSolution
		SolutionGuid = {4A7F2E26-92BE-4330-8EC4-223CD2D218C0}
	EndGlobalSection
EndGlobal
